// !$*UTF8*$!
{
	archiveVersion = 1;
	classes = {
	};
	objectVersion = 46;
	objects = {

/* Begin PBXBuildFile section */
		EF18750A20CCC0D1005DA87E /* ZGWeiboHomePageController.m in Sources */ = {isa = PBXBuildFile; fileRef = EF18750920CCC0D1005DA87E /* ZGWeiboHomePageController.m */; };
		EF349A3B1DDB059D00EE7206 /* main.m in Sources */ = {isa = PBXBuildFile; fileRef = EF349A3A1DDB059D00EE7206 /* main.m */; };
		EF349A3E1DDB059D00EE7206 /* AppDelegate.m in Sources */ = {isa = PBXBuildFile; fileRef = EF349A3D1DDB059D00EE7206 /* AppDelegate.m */; };
		EF349A411DDB059D00EE7206 /* ViewController.m in Sources */ = {isa = PBXBuildFile; fileRef = EF349A401DDB059D00EE7206 /* ViewController.m */; };
		EF349A441DDB059D00EE7206 /* Main.storyboard in Resources */ = {isa = PBXBuildFile; fileRef = EF349A421DDB059D00EE7206 /* Main.storyboard */; };
		EF349A461DDB059E00EE7206 /* Assets.xcassets in Resources */ = {isa = PBXBuildFile; fileRef = EF349A451DDB059E00EE7206 /* Assets.xcassets */; };
		EF349A491DDB059E00EE7206 /* LaunchScreen.storyboard in Resources */ = {isa = PBXBuildFile; fileRef = EF349A471DDB059E00EE7206 /* LaunchScreen.storyboard */; };
		EF349A541DDB059E00EE7206 /* ZGHomePageHorizontalViewTests.m in Sources */ = {isa = PBXBuildFile; fileRef = EF349A531DDB059E00EE7206 /* ZGHomePageHorizontalViewTests.m */; };
		EF349A5F1DDB059E00EE7206 /* ZGHomePageHorizontalViewUITests.m in Sources */ = {isa = PBXBuildFile; fileRef = EF349A5E1DDB059E00EE7206 /* ZGHomePageHorizontalViewUITests.m */; };
		EF349A721DDB061500EE7206 /* ZGHomePageHorizontalViewController.m in Sources */ = {isa = PBXBuildFile; fileRef = EF349A711DDB061500EE7206 /* ZGHomePageHorizontalViewController.m */; };
		EF349A751DDB062C00EE7206 /* ZGJapanController.m in Sources */ = {isa = PBXBuildFile; fileRef = EF349A741DDB062C00EE7206 /* ZGJapanController.m */; };
		EF349A781DDB063900EE7206 /* ZGAmericaController.m in Sources */ = {isa = PBXBuildFile; fileRef = EF349A771DDB063900EE7206 /* ZGAmericaController.m */; };
		EF349A7B1DDB070A00EE7206 /* ZGHomePageHorizontalCell.m in Sources */ = {isa = PBXBuildFile; fileRef = EF349A7A1DDB070A00EE7206 /* ZGHomePageHorizontalCell.m */; };
		EF439CC51F21AA84004FEB79 /* ZGPageTableViewController.m in Sources */ = {isa = PBXBuildFile; fileRef = EF439CC41F21AA84004FEB79 /* ZGPageTableViewController.m */; };
		EFE4309120D5FF49006930E5 /* ZGWeiboTableView.m in Sources */ = {isa = PBXBuildFile; fileRef = EFE4309020D5FF49006930E5 /* ZGWeiboTableView.m */; };
		EFE4309420D600FE006930E5 /* ZGWeiboContentCell.m in Sources */ = {isa = PBXBuildFile; fileRef = EFE4309320D600FE006930E5 /* ZGWeiboContentCell.m */; };
		EFE4309720D60723006930E5 /* ZGWBJapanController.m in Sources */ = {isa = PBXBuildFile; fileRef = EFE4309620D60723006930E5 /* ZGWBJapanController.m */; };
		EFE4309A20D60732006930E5 /* ZGWBAmericaController.m in Sources */ = {isa = PBXBuildFile; fileRef = EFE4309920D60732006930E5 /* ZGWBAmericaController.m */; };
		EFE4309D20D64AC9006930E5 /* ZGWBBasePageController.m in Sources */ = {isa = PBXBuildFile; fileRef = EFE4309C20D64AC9006930E5 /* ZGWBBasePageController.m */; };
		EFEFC4961F21B047005314E8 /* ZGTabSegmentView.m in Sources */ = {isa = PBXBuildFile; fileRef = EFEFC4951F21B047005314E8 /* ZGTabSegmentView.m */; };
		EFEFC49A1F21B167005314E8 /* UIColor+DHUtil.m in Sources */ = {isa = PBXBuildFile; fileRef = EFEFC4991F21B167005314E8 /* UIColor+DHUtil.m */; };
		EFF9E6591E2374BB0079D2B4 /* ZGHomePageHorizontalView.gif in Resources */ = {isa = PBXBuildFile; fileRef = EFF9E6581E2374BB0079D2B4 /* ZGHomePageHorizontalView.gif */; };
/* End PBXBuildFile section */

/* Begin PBXContainerItemProxy section */
		EF349A501DDB059E00EE7206 /* PBXContainerItemProxy */ = {
			isa = PBXContainerItemProxy;
			containerPortal = EF349A2E1DDB059D00EE7206 /* Project object */;
			proxyType = 1;
			remoteGlobalIDString = EF349A351DDB059D00EE7206;
			remoteInfo = ZGHomePageHorizontalView;
		};
		EF349A5B1DDB059E00EE7206 /* PBXContainerItemProxy */ = {
			isa = PBXContainerItemProxy;
			containerPortal = EF349A2E1DDB059D00EE7206 /* Project object */;
			proxyType = 1;
			remoteGlobalIDString = EF349A351DDB059D00EE7206;
			remoteInfo = ZGHomePageHorizontalView;
		};
/* End PBXContainerItemProxy section */

/* Begin PBXFileReference section */
		EF18750820CCC0D1005DA87E /* ZGWeiboHomePageController.h */ = {isa = PBXFileReference; lastKnownFileType = sourcecode.c.h; path = ZGWeiboHomePageController.h; sourceTree = "<group>"; };
		EF18750920CCC0D1005DA87E /* ZGWeiboHomePageController.m */ = {isa = PBXFileReference; lastKnownFileType = sourcecode.c.objc; path = ZGWeiboHomePageController.m; sourceTree = "<group>"; };
		EF349A361DDB059D00EE7206 /* ZGHomePageHorizontalView.app */ = {isa = PBXFileReference; explicitFileType = wrapper.application; includeInIndex = 0; path = ZGHomePageHorizontalView.app; sourceTree = BUILT_PRODUCTS_DIR; };
		EF349A3A1DDB059D00EE7206 /* main.m */ = {isa = PBXFileReference; lastKnownFileType = sourcecode.c.objc; path = main.m; sourceTree = "<group>"; };
		EF349A3C1DDB059D00EE7206 /* AppDelegate.h */ = {isa = PBXFileReference; lastKnownFileType = sourcecode.c.h; path = AppDelegate.h; sourceTree = "<group>"; };
		EF349A3D1DDB059D00EE7206 /* AppDelegate.m */ = {isa = PBXFileReference; lastKnownFileType = sourcecode.c.objc; path = AppDelegate.m; sourceTree = "<group>"; };
		EF349A3F1DDB059D00EE7206 /* ViewController.h */ = {isa = PBXFileReference; lastKnownFileType = sourcecode.c.h; path = ViewController.h; sourceTree = "<group>"; };
		EF349A401DDB059D00EE7206 /* ViewController.m */ = {isa = PBXFileReference; lastKnownFileType = sourcecode.c.objc; path = ViewController.m; sourceTree = "<group>"; };
		EF349A431DDB059D00EE7206 /* Base */ = {isa = PBXFileReference; lastKnownFileType = file.storyboard; name = Base; path = Base.lproj/Main.storyboard; sourceTree = "<group>"; };
		EF349A451DDB059E00EE7206 /* Assets.xcassets */ = {isa = PBXFileReference; lastKnownFileType = folder.assetcatalog; path = Assets.xcassets; sourceTree = "<group>"; };
		EF349A481DDB059E00EE7206 /* Base */ = {isa = PBXFileReference; lastKnownFileType = file.storyboard; name = Base; path = Base.lproj/LaunchScreen.storyboard; sourceTree = "<group>"; };
		EF349A4A1DDB059E00EE7206 /* Info.plist */ = {isa = PBXFileReference; lastKnownFileType = text.plist.xml; path = Info.plist; sourceTree = "<group>"; };
		EF349A4F1DDB059E00EE7206 /* ZGHomePageHorizontalViewTests.xctest */ = {isa = PBXFileReference; explicitFileType = wrapper.cfbundle; includeInIndex = 0; path = ZGHomePageHorizontalViewTests.xctest; sourceTree = BUILT_PRODUCTS_DIR; };
		EF349A531DDB059E00EE7206 /* ZGHomePageHorizontalViewTests.m */ = {isa = PBXFileReference; lastKnownFileType = sourcecode.c.objc; path = ZGHomePageHorizontalViewTests.m; sourceTree = "<group>"; };
		EF349A551DDB059E00EE7206 /* Info.plist */ = {isa = PBXFileReference; lastKnownFileType = text.plist.xml; path = Info.plist; sourceTree = "<group>"; };
		EF349A5A1DDB059E00EE7206 /* ZGHomePageHorizontalViewUITests.xctest */ = {isa = PBXFileReference; explicitFileType = wrapper.cfbundle; includeInIndex = 0; path = ZGHomePageHorizontalViewUITests.xctest; sourceTree = BUILT_PRODUCTS_DIR; };
		EF349A5E1DDB059E00EE7206 /* ZGHomePageHorizontalViewUITests.m */ = {isa = PBXFileReference; lastKnownFileType = sourcecode.c.objc; path = ZGHomePageHorizontalViewUITests.m; sourceTree = "<group>"; };
		EF349A601DDB059E00EE7206 /* Info.plist */ = {isa = PBXFileReference; lastKnownFileType = text.plist.xml; path = Info.plist; sourceTree = "<group>"; };
		EF349A701DDB061500EE7206 /* ZGHomePageHorizontalViewController.h */ = {isa = PBXFileReference; fileEncoding = 4; lastKnownFileType = sourcecode.c.h; path = ZGHomePageHorizontalViewController.h; sourceTree = "<group>"; };
		EF349A711DDB061500EE7206 /* ZGHomePageHorizontalViewController.m */ = {isa = PBXFileReference; fileEncoding = 4; lastKnownFileType = sourcecode.c.objc; path = ZGHomePageHorizontalViewController.m; sourceTree = "<group>"; };
		EF349A731DDB062C00EE7206 /* ZGJapanController.h */ = {isa = PBXFileReference; fileEncoding = 4; lastKnownFileType = sourcecode.c.h; path = ZGJapanController.h; sourceTree = "<group>"; };
		EF349A741DDB062C00EE7206 /* ZGJapanController.m */ = {isa = PBXFileReference; fileEncoding = 4; lastKnownFileType = sourcecode.c.objc; path = ZGJapanController.m; sourceTree = "<group>"; };
		EF349A761DDB063900EE7206 /* ZGAmericaController.h */ = {isa = PBXFileReference; fileEncoding = 4; lastKnownFileType = sourcecode.c.h; path = ZGAmericaController.h; sourceTree = "<group>"; };
		EF349A771DDB063900EE7206 /* ZGAmericaController.m */ = {isa = PBXFileReference; fileEncoding = 4; lastKnownFileType = sourcecode.c.objc; path = ZGAmericaController.m; sourceTree = "<group>"; };
		EF349A791DDB070A00EE7206 /* ZGHomePageHorizontalCell.h */ = {isa = PBXFileReference; fileEncoding = 4; lastKnownFileType = sourcecode.c.h; path = ZGHomePageHorizontalCell.h; sourceTree = "<group>"; };
		EF349A7A1DDB070A00EE7206 /* ZGHomePageHorizontalCell.m */ = {isa = PBXFileReference; fileEncoding = 4; lastKnownFileType = sourcecode.c.objc; path = ZGHomePageHorizontalCell.m; sourceTree = "<group>"; };
		EF439CC31F21AA84004FEB79 /* ZGPageTableViewController.h */ = {isa = PBXFileReference; fileEncoding = 4; lastKnownFileType = sourcecode.c.h; path = ZGPageTableViewController.h; sourceTree = "<group>"; };
		EF439CC41F21AA84004FEB79 /* ZGPageTableViewController.m */ = {isa = PBXFileReference; fileEncoding = 4; lastKnownFileType = sourcecode.c.objc; path = ZGPageTableViewController.m; sourceTree = "<group>"; };
		EFE4308F20D5FF49006930E5 /* ZGWeiboTableView.h */ = {isa = PBXFileReference; lastKnownFileType = sourcecode.c.h; path = ZGWeiboTableView.h; sourceTree = "<group>"; };
		EFE4309020D5FF49006930E5 /* ZGWeiboTableView.m */ = {isa = PBXFileReference; lastKnownFileType = sourcecode.c.objc; path = ZGWeiboTableView.m; sourceTree = "<group>"; };
		EFE4309220D600FE006930E5 /* ZGWeiboContentCell.h */ = {isa = PBXFileReference; lastKnownFileType = sourcecode.c.h; path = ZGWeiboContentCell.h; sourceTree = "<group>"; };
		EFE4309320D600FE006930E5 /* ZGWeiboContentCell.m */ = {isa = PBXFileReference; lastKnownFileType = sourcecode.c.objc; path = ZGWeiboContentCell.m; sourceTree = "<group>"; };
		EFE4309520D60723006930E5 /* ZGWBJapanController.h */ = {isa = PBXFileReference; lastKnownFileType = sourcecode.c.h; path = ZGWBJapanController.h; sourceTree = "<group>"; };
		EFE4309620D60723006930E5 /* ZGWBJapanController.m */ = {isa = PBXFileReference; lastKnownFileType = sourcecode.c.objc; path = ZGWBJapanController.m; sourceTree = "<group>"; };
		EFE4309820D60732006930E5 /* ZGWBAmericaController.h */ = {isa = PBXFileReference; lastKnownFileType = sourcecode.c.h; path = ZGWBAmericaController.h; sourceTree = "<group>"; };
		EFE4309920D60732006930E5 /* ZGWBAmericaController.m */ = {isa = PBXFileReference; lastKnownFileType = sourcecode.c.objc; path = ZGWBAmericaController.m; sourceTree = "<group>"; };
		EFE4309B20D64AC9006930E5 /* ZGWBBasePageController.h */ = {isa = PBXFileReference; lastKnownFileType = sourcecode.c.h; path = ZGWBBasePageController.h; sourceTree = "<group>"; };
		EFE4309C20D64AC9006930E5 /* ZGWBBasePageController.m */ = {isa = PBXFileReference; lastKnownFileType = sourcecode.c.objc; path = ZGWBBasePageController.m; sourceTree = "<group>"; };
		EFEFC4941F21B047005314E8 /* ZGTabSegmentView.h */ = {isa = PBXFileReference; fileEncoding = 4; lastKnownFileType = sourcecode.c.h; path = ZGTabSegmentView.h; sourceTree = "<group>"; };
		EFEFC4951F21B047005314E8 /* ZGTabSegmentView.m */ = {isa = PBXFileReference; fileEncoding = 4; lastKnownFileType = sourcecode.c.objc; path = ZGTabSegmentView.m; sourceTree = "<group>"; };
		EFEFC4981F21B167005314E8 /* UIColor+DHUtil.h */ = {isa = PBXFileReference; fileEncoding = 4; lastKnownFileType = sourcecode.c.h; path = "UIColor+DHUtil.h"; sourceTree = "<group>"; };
		EFEFC4991F21B167005314E8 /* UIColor+DHUtil.m */ = {isa = PBXFileReference; fileEncoding = 4; lastKnownFileType = sourcecode.c.objc; path = "UIColor+DHUtil.m"; sourceTree = "<group>"; };
		EFF9E6581E2374BB0079D2B4 /* ZGHomePageHorizontalView.gif */ = {isa = PBXFileReference; lastKnownFileType = image.gif; path = ZGHomePageHorizontalView.gif; sourceTree = "<group>"; };
/* End PBXFileReference section */

/* Begin PBXFrameworksBuildPhase section */
		EF349A331DDB059D00EE7206 /* Frameworks */ = {
			isa = PBXFrameworksBuildPhase;
			buildActionMask = 2147483647;
			files = (
			);
			runOnlyForDeploymentPostprocessing = 0;
		};
		EF349A4C1DDB059E00EE7206 /* Frameworks */ = {
			isa = PBXFrameworksBuildPhase;
			buildActionMask = 2147483647;
			files = (
			);
			runOnlyForDeploymentPostprocessing = 0;
		};
		EF349A571DDB059E00EE7206 /* Frameworks */ = {
			isa = PBXFrameworksBuildPhase;
			buildActionMask = 2147483647;
			files = (
			);
			runOnlyForDeploymentPostprocessing = 0;
		};
/* End PBXFrameworksBuildPhase section */

/* Begin PBXGroup section */
		EF18750420CCC0B9005DA87E /* ZGWeiboHomePage */ = {
			isa = PBXGroup;
			children = (
				EF18750520CCC0B9005DA87E /* Controller */,
				EF18750620CCC0B9005DA87E /* Model */,
				EF18750720CCC0B9005DA87E /* View */,
			);
			path = ZGWeiboHomePage;
			sourceTree = "<group>";
		};
		EF18750520CCC0B9005DA87E /* Controller */ = {
			isa = PBXGroup;
			children = (
				EF18750820CCC0D1005DA87E /* ZGWeiboHomePageController.h */,
				EF18750920CCC0D1005DA87E /* ZGWeiboHomePageController.m */,
				EFE4309520D60723006930E5 /* ZGWBJapanController.h */,
				EFE4309620D60723006930E5 /* ZGWBJapanController.m */,
				EFE4309820D60732006930E5 /* ZGWBAmericaController.h */,
				EFE4309920D60732006930E5 /* ZGWBAmericaController.m */,
				EFE4309B20D64AC9006930E5 /* ZGWBBasePageController.h */,
				EFE4309C20D64AC9006930E5 /* ZGWBBasePageController.m */,
			);
			path = Controller;
			sourceTree = "<group>";
		};
		EF18750620CCC0B9005DA87E /* Model */ = {
			isa = PBXGroup;
			children = (
			);
			path = Model;
			sourceTree = "<group>";
		};
		EF18750720CCC0B9005DA87E /* View */ = {
			isa = PBXGroup;
			children = (
				EFE4308F20D5FF49006930E5 /* ZGWeiboTableView.h */,
				EFE4309020D5FF49006930E5 /* ZGWeiboTableView.m */,
				EFE4309220D600FE006930E5 /* ZGWeiboContentCell.h */,
				EFE4309320D600FE006930E5 /* ZGWeiboContentCell.m */,
			);
			path = View;
			sourceTree = "<group>";
		};
		EF349A2D1DDB059D00EE7206 = {
			isa = PBXGroup;
			children = (
				EF349A381DDB059D00EE7206 /* ZGHomePageHorizontalView */,
				EF349A521DDB059E00EE7206 /* ZGHomePageHorizontalViewTests */,
				EF349A5D1DDB059E00EE7206 /* ZGHomePageHorizontalViewUITests */,
				EF349A371DDB059D00EE7206 /* Products */,
			);
			sourceTree = "<group>";
		};
		EF349A371DDB059D00EE7206 /* Products */ = {
			isa = PBXGroup;
			children = (
				EF349A361DDB059D00EE7206 /* ZGHomePageHorizontalView.app */,
				EF349A4F1DDB059E00EE7206 /* ZGHomePageHorizontalViewTests.xctest */,
				EF349A5A1DDB059E00EE7206 /* ZGHomePageHorizontalViewUITests.xctest */,
			);
			name = Products;
			sourceTree = "<group>";
		};
		EF349A381DDB059D00EE7206 /* ZGHomePageHorizontalView */ = {
			isa = PBXGroup;
			children = (
				EF18750420CCC0B9005DA87E /* ZGWeiboHomePage */,
				EF349A6C1DDB05EF00EE7206 /* ZGHomePageHorizontalView */,
				EF349A3C1DDB059D00EE7206 /* AppDelegate.h */,
				EF349A3D1DDB059D00EE7206 /* AppDelegate.m */,
				EF349A3F1DDB059D00EE7206 /* ViewController.h */,
				EF349A401DDB059D00EE7206 /* ViewController.m */,
				EF349A421DDB059D00EE7206 /* Main.storyboard */,
				EF349A451DDB059E00EE7206 /* Assets.xcassets */,
				EF349A471DDB059E00EE7206 /* LaunchScreen.storyboard */,
				EF349A4A1DDB059E00EE7206 /* Info.plist */,
				EF349A391DDB059D00EE7206 /* Supporting Files */,
			);
			path = ZGHomePageHorizontalView;
			sourceTree = "<group>";
		};
		EF349A391DDB059D00EE7206 /* Supporting Files */ = {
			isa = PBXGroup;
			children = (
				EFF9E6581E2374BB0079D2B4 /* ZGHomePageHorizontalView.gif */,
				EF349A3A1DDB059D00EE7206 /* main.m */,
			);
			name = "Supporting Files";
			sourceTree = "<group>";
		};
		EF349A521DDB059E00EE7206 /* ZGHomePageHorizontalViewTests */ = {
			isa = PBXGroup;
			children = (
				EF349A531DDB059E00EE7206 /* ZGHomePageHorizontalViewTests.m */,
				EF349A551DDB059E00EE7206 /* Info.plist */,
			);
			path = ZGHomePageHorizontalViewTests;
			sourceTree = "<group>";
		};
		EF349A5D1DDB059E00EE7206 /* ZGHomePageHorizontalViewUITests */ = {
			isa = PBXGroup;
			children = (
				EF349A5E1DDB059E00EE7206 /* ZGHomePageHorizontalViewUITests.m */,
				EF349A601DDB059E00EE7206 /* Info.plist */,
			);
			path = ZGHomePageHorizontalViewUITests;
			sourceTree = "<group>";
		};
		EF349A6C1DDB05EF00EE7206 /* ZGHomePageHorizontalView */ = {
			isa = PBXGroup;
			children = (
				EFEFC4971F21B154005314E8 /* Util */,
				EF349A6D1DDB05EF00EE7206 /* Controller */,
				EF349A6E1DDB05EF00EE7206 /* Model */,
				EF349A6F1DDB05EF00EE7206 /* View */,
			);
			path = ZGHomePageHorizontalView;
			sourceTree = "<group>";
		};
		EF349A6D1DDB05EF00EE7206 /* Controller */ = {
			isa = PBXGroup;
			children = (
				EF349A701DDB061500EE7206 /* ZGHomePageHorizontalViewController.h */,
				EF349A711DDB061500EE7206 /* ZGHomePageHorizontalViewController.m */,
				EF349A731DDB062C00EE7206 /* ZGJapanController.h */,
				EF349A741DDB062C00EE7206 /* ZGJapanController.m */,
				EF349A761DDB063900EE7206 /* ZGAmericaController.h */,
				EF349A771DDB063900EE7206 /* ZGAmericaController.m */,
				EF439CC31F21AA84004FEB79 /* ZGPageTableViewController.h */,
				EF439CC41F21AA84004FEB79 /* ZGPageTableViewController.m */,
			);
			path = Controller;
			sourceTree = "<group>";
		};
		EF349A6E1DDB05EF00EE7206 /* Model */ = {
			isa = PBXGroup;
			children = (
			);
			path = Model;
			sourceTree = "<group>";
		};
		EF349A6F1DDB05EF00EE7206 /* View */ = {
			isa = PBXGroup;
			children = (
				EF349A791DDB070A00EE7206 /* ZGHomePageHorizontalCell.h */,
				EF349A7A1DDB070A00EE7206 /* ZGHomePageHorizontalCell.m */,
				EFEFC4941F21B047005314E8 /* ZGTabSegmentView.h */,
				EFEFC4951F21B047005314E8 /* ZGTabSegmentView.m */,
			);
			path = View;
			sourceTree = "<group>";
		};
		EFEFC4971F21B154005314E8 /* Util */ = {
			isa = PBXGroup;
			children = (
				EFEFC4981F21B167005314E8 /* UIColor+DHUtil.h */,
				EFEFC4991F21B167005314E8 /* UIColor+DHUtil.m */,
			);
			path = Util;
			sourceTree = "<group>";
		};
/* End PBXGroup section */

/* Begin PBXNativeTarget section */
		EF349A351DDB059D00EE7206 /* ZGHomePageHorizontalView */ = {
			isa = PBXNativeTarget;
			buildConfigurationList = EF349A631DDB059E00EE7206 /* Build configuration list for PBXNativeTarget "ZGHomePageHorizontalView" */;
			buildPhases = (
				EF349A321DDB059D00EE7206 /* Sources */,
				EF349A331DDB059D00EE7206 /* Frameworks */,
				EF349A341DDB059D00EE7206 /* Resources */,
			);
			buildRules = (
			);
			dependencies = (
			);
			name = ZGHomePageHorizontalView;
			productName = ZGHomePageHorizontalView;
			productReference = EF349A361DDB059D00EE7206 /* ZGHomePageHorizontalView.app */;
			productType = "com.apple.product-type.application";
		};
		EF349A4E1DDB059E00EE7206 /* ZGHomePageHorizontalViewTests */ = {
			isa = PBXNativeTarget;
			buildConfigurationList = EF349A661DDB059E00EE7206 /* Build configuration list for PBXNativeTarget "ZGHomePageHorizontalViewTests" */;
			buildPhases = (
				EF349A4B1DDB059E00EE7206 /* Sources */,
				EF349A4C1DDB059E00EE7206 /* Frameworks */,
				EF349A4D1DDB059E00EE7206 /* Resources */,
			);
			buildRules = (
			);
			dependencies = (
				EF349A511DDB059E00EE7206 /* PBXTargetDependency */,
			);
			name = ZGHomePageHorizontalViewTests;
			productName = ZGHomePageHorizontalViewTests;
			productReference = EF349A4F1DDB059E00EE7206 /* ZGHomePageHorizontalViewTests.xctest */;
			productType = "com.apple.product-type.bundle.unit-test";
		};
		EF349A591DDB059E00EE7206 /* ZGHomePageHorizontalViewUITests */ = {
			isa = PBXNativeTarget;
			buildConfigurationList = EF349A691DDB059E00EE7206 /* Build configuration list for PBXNativeTarget "ZGHomePageHorizontalViewUITests" */;
			buildPhases = (
				EF349A561DDB059E00EE7206 /* Sources */,
				EF349A571DDB059E00EE7206 /* Frameworks */,
				EF349A581DDB059E00EE7206 /* Resources */,
			);
			buildRules = (
			);
			dependencies = (
				EF349A5C1DDB059E00EE7206 /* PBXTargetDependency */,
			);
			name = ZGHomePageHorizontalViewUITests;
			productName = ZGHomePageHorizontalViewUITests;
			productReference = EF349A5A1DDB059E00EE7206 /* ZGHomePageHorizontalViewUITests.xctest */;
			productType = "com.apple.product-type.bundle.ui-testing";
		};
/* End PBXNativeTarget section */

/* Begin PBXProject section */
		EF349A2E1DDB059D00EE7206 /* Project object */ = {
			isa = PBXProject;
			attributes = {
				LastUpgradeCheck = 0800;
				ORGANIZATIONNAME = Zong;
				TargetAttributes = {
					EF349A351DDB059D00EE7206 = {
						CreatedOnToolsVersion = 8.0;
						DevelopmentTeam = 9W8KXJ7KY8;
						ProvisioningStyle = Automatic;
					};
					EF349A4E1DDB059E00EE7206 = {
						CreatedOnToolsVersion = 8.0;
						ProvisioningStyle = Automatic;
						TestTargetID = EF349A351DDB059D00EE7206;
					};
					EF349A591DDB059E00EE7206 = {
						CreatedOnToolsVersion = 8.0;
						ProvisioningStyle = Automatic;
						TestTargetID = EF349A351DDB059D00EE7206;
					};
				};
			};
			buildConfigurationList = EF349A311DDB059D00EE7206 /* Build configuration list for PBXProject "ZGHomePageHorizontalView" */;
			compatibilityVersion = "Xcode 3.2";
			developmentRegion = English;
			hasScannedForEncodings = 0;
			knownRegions = (
				en,
				Base,
			);
			mainGroup = EF349A2D1DDB059D00EE7206;
			productRefGroup = EF349A371DDB059D00EE7206 /* Products */;
			projectDirPath = "";
			projectRoot = "";
			targets = (
				EF349A351DDB059D00EE7206 /* ZGHomePageHorizontalView */,
				EF349A4E1DDB059E00EE7206 /* ZGHomePageHorizontalViewTests */,
				EF349A591DDB059E00EE7206 /* ZGHomePageHorizontalViewUITests */,
			);
		};
/* End PBXProject section */

/* Begin PBXResourcesBuildPhase section */
		EF349A341DDB059D00EE7206 /* Resources */ = {
			isa = PBXResourcesBuildPhase;
			buildActionMask = 2147483647;
			files = (
				EFF9E6591E2374BB0079D2B4 /* ZGHomePageHorizontalView.gif in Resources */,
				EF349A491DDB059E00EE7206 /* LaunchScreen.storyboard in Resources */,
				EF349A461DDB059E00EE7206 /* Assets.xcassets in Resources */,
				EF349A441DDB059D00EE7206 /* Main.storyboard in Resources */,
			);
			runOnlyForDeploymentPostprocessing = 0;
		};
		EF349A4D1DDB059E00EE7206 /* Resources */ = {
			isa = PBXResourcesBuildPhase;
			buildActionMask = 2147483647;
			files = (
			);
			runOnlyForDeploymentPostprocessing = 0;
		};
		EF349A581DDB059E00EE7206 /* Resources */ = {
			isa = PBXResourcesBuildPhase;
			buildActionMask = 2147483647;
			files = (
			);
			runOnlyForDeploymentPostprocessing = 0;
		};
/* End PBXResourcesBuildPhase section */

/* Begin PBXSourcesBuildPhase section */
		EF349A321DDB059D00EE7206 /* Sources */ = {
			isa = PBXSourcesBuildPhase;
			buildActionMask = 2147483647;
			files = (
				EFE4309720D60723006930E5 /* ZGWBJapanController.m in Sources */,
				EF439CC51F21AA84004FEB79 /* ZGPageTableViewController.m in Sources */,
				EFE4309420D600FE006930E5 /* ZGWeiboContentCell.m in Sources */,
				EF349A411DDB059D00EE7206 /* ViewController.m in Sources */,
				EF349A7B1DDB070A00EE7206 /* ZGHomePageHorizontalCell.m in Sources */,
				EFE4309120D5FF49006930E5 /* ZGWeiboTableView.m in Sources */,
				EF349A781DDB063900EE7206 /* ZGAmericaController.m in Sources */,
				EFE4309A20D60732006930E5 /* ZGWBAmericaController.m in Sources */,
				EF349A3E1DDB059D00EE7206 /* AppDelegate.m in Sources */,
				EFE4309D20D64AC9006930E5 /* ZGWBBasePageController.m in Sources */,
				EF349A751DDB062C00EE7206 /* ZGJapanController.m in Sources */,
				EFEFC49A1F21B167005314E8 /* UIColor+DHUtil.m in Sources */,
				EF349A3B1DDB059D00EE7206 /* main.m in Sources */,
				EFEFC4961F21B047005314E8 /* ZGTabSegmentView.m in Sources */,
				EF349A721DDB061500EE7206 /* ZGHomePageHorizontalViewController.m in Sources */,
				EF18750A20CCC0D1005DA87E /* ZGWeiboHomePageController.m in Sources */,
			);
			runOnlyForDeploymentPostprocessing = 0;
		};
		EF349A4B1DDB059E00EE7206 /* Sources */ = {
			isa = PBXSourcesBuildPhase;
			buildActionMask = 2147483647;
			files = (
				EF349A541DDB059E00EE7206 /* ZGHomePageHorizontalViewTests.m in Sources */,
			);
			runOnlyForDeploymentPostprocessing = 0;
		};
		EF349A561DDB059E00EE7206 /* Sources */ = {
			isa = PBXSourcesBuildPhase;
			buildActionMask = 2147483647;
			files = (
				EF349A5F1DDB059E00EE7206 /* ZGHomePageHorizontalViewUITests.m in Sources */,
			);
			runOnlyForDeploymentPostprocessing = 0;
		};
/* End PBXSourcesBuildPhase section */

/* Begin PBXTargetDependency section */
		EF349A511DDB059E00EE7206 /* PBXTargetDependency */ = {
			isa = PBXTargetDependency;
			target = EF349A351DDB059D00EE7206 /* ZGHomePageHorizontalView */;
			targetProxy = EF349A501DDB059E00EE7206 /* PBXContainerItemProxy */;
		};
		EF349A5C1DDB059E00EE7206 /* PBXTargetDependency */ = {
			isa = PBXTargetDependency;
			target = EF349A351DDB059D00EE7206 /* ZGHomePageHorizontalView */;
			targetProxy = EF349A5B1DDB059E00EE7206 /* PBXContainerItemProxy */;
		};
/* End PBXTargetDependency section */

/* Begin PBXVariantGroup section */
		EF349A421DDB059D00EE7206 /* Main.storyboard */ = {
			isa = PBXVariantGroup;
			children = (
				EF349A431DDB059D00EE7206 /* Base */,
			);
			name = Main.storyboard;
			sourceTree = "<group>";
		};
		EF349A471DDB059E00EE7206 /* LaunchScreen.storyboard */ = {
			isa = PBXVariantGroup;
			children = (
				EF349A481DDB059E00EE7206 /* Base */,
			);
			name = LaunchScreen.storyboard;
			sourceTree = "<group>";
		};
/* End PBXVariantGroup section */

/* Begin XCBuildConfiguration section */
		EF349A611DDB059E00EE7206 /* Debug */ = {
			isa = XCBuildConfiguration;
			buildSettings = {
				ALWAYS_SEARCH_USER_PATHS = NO;
				CLANG_ANALYZER_NONNULL = YES;
				CLANG_CXX_LANGUAGE_STANDARD = "gnu++0x";
				CLANG_CXX_LIBRARY = "libc++";
				CLANG_ENABLE_MODULES = YES;
				CLANG_ENABLE_OBJC_ARC = YES;
				CLANG_WARN_BOOL_CONVERSION = YES;
				CLANG_WARN_CONSTANT_CONVERSION = YES;
				CLANG_WARN_DIRECT_OBJC_ISA_USAGE = YES_ERROR;
				CLANG_WARN_DOCUMENTATION_COMMENTS = YES;
				CLANG_WARN_EMPTY_BODY = YES;
				CLANG_WARN_ENUM_CONVERSION = YES;
				CLANG_WARN_INFINITE_RECURSION = YES;
				CLANG_WARN_INT_CONVERSION = YES;
				CLANG_WARN_OBJC_ROOT_CLASS = YES_ERROR;
				CLANG_WARN_SUSPICIOUS_MOVES = YES;
				CLANG_WARN_UNREACHABLE_CODE = YES;
				CLANG_WARN__DUPLICATE_METHOD_MATCH = YES;
				"CODE_SIGN_IDENTITY[sdk=iphoneos*]" = "iPhone Developer";
				COPY_PHASE_STRIP = NO;
				DEBUG_INFORMATION_FORMAT = dwarf;
				ENABLE_STRICT_OBJC_MSGSEND = YES;
				ENABLE_TESTABILITY = YES;
				GCC_C_LANGUAGE_STANDARD = gnu99;
				GCC_DYNAMIC_NO_PIC = NO;
				GCC_NO_COMMON_BLOCKS = YES;
				GCC_OPTIMIZATION_LEVEL = 0;
				GCC_PREPROCESSOR_DEFINITIONS = (
					"DEBUG=1",
					"$(inherited)",
				);
				GCC_WARN_64_TO_32_BIT_CONVERSION = YES;
				GCC_WARN_ABOUT_RETURN_TYPE = YES_ERROR;
				GCC_WARN_UNDECLARED_SELECTOR = YES;
				GCC_WARN_UNINITIALIZED_AUTOS = YES_AGGRESSIVE;
				GCC_WARN_UNUSED_FUNCTION = YES;
				GCC_WARN_UNUSED_VARIABLE = YES;
				IPHONEOS_DEPLOYMENT_TARGET = 10.0;
				MTL_ENABLE_DEBUG_INFO = YES;
				ONLY_ACTIVE_ARCH = YES;
				SDKROOT = iphoneos;
				TARGETED_DEVICE_FAMILY = "1,2";
			};
			name = Debug;
		};
		EF349A621DDB059E00EE7206 /* Release */ = {
			isa = XCBuildConfiguration;
			buildSettings = {
				ALWAYS_SEARCH_USER_PATHS = NO;
				CLANG_ANALYZER_NONNULL = YES;
				CLANG_CXX_LANGUAGE_STANDARD = "gnu++0x";
				CLANG_CXX_LIBRARY = "libc++";
				CLANG_ENABLE_MODULES = YES;
				CLANG_ENABLE_OBJC_ARC = YES;
				CLANG_WARN_BOOL_CONVERSION = YES;
				CLANG_WARN_CONSTANT_CONVERSION = YES;
				CLANG_WARN_DIRECT_OBJC_ISA_USAGE = YES_ERROR;
				CLANG_WARN_DOCUMENTATION_COMMENTS = YES;
				CLANG_WARN_EMPTY_BODY = YES;
				CLANG_WARN_ENUM_CONVERSION = YES;
				CLANG_WARN_INFINITE_RECURSION = YES;
				CLANG_WARN_INT_CONVERSION = YES;
				CLANG_WARN_OBJC_ROOT_CLASS = YES_ERROR;
				CLANG_WARN_SUSPICIOUS_MOVES = YES;
				CLANG_WARN_UNREACHABLE_CODE = YES;
				CLANG_WARN__DUPLICATE_METHOD_MATCH = YES;
				"CODE_SIGN_IDENTITY[sdk=iphoneos*]" = "iPhone Developer";
				COPY_PHASE_STRIP = NO;
				DEBUG_INFORMATION_FORMAT = "dwarf-with-dsym";
				ENABLE_NS_ASSERTIONS = NO;
				ENABLE_STRICT_OBJC_MSGSEND = YES;
				GCC_C_LANGUAGE_STANDARD = gnu99;
				GCC_NO_COMMON_BLOCKS = YES;
				GCC_WARN_64_TO_32_BIT_CONVERSION = YES;
				GCC_WARN_ABOUT_RETURN_TYPE = YES_ERROR;
				GCC_WARN_UNDECLARED_SELECTOR = YES;
				GCC_WARN_UNINITIALIZED_AUTOS = YES_AGGRESSIVE;
				GCC_WARN_UNUSED_FUNCTION = YES;
				GCC_WARN_UNUSED_VARIABLE = YES;
				IPHONEOS_DEPLOYMENT_TARGET = 10.0;
				MTL_ENABLE_DEBUG_INFO = NO;
				SDKROOT = iphoneos;
				TARGETED_DEVICE_FAMILY = "1,2";
				VALIDATE_PRODUCT = YES;
			};
			name = Release;
		};
		EF349A641DDB059E00EE7206 /* Debug */ = {
			isa = XCBuildConfiguration;
			buildSettings = {
				ASSETCATALOG_COMPILER_APPICON_NAME = AppIcon;
				DEVELOPMENT_TEAM = 9W8KXJ7KY8;
				INFOPLIST_FILE = ZGHomePageHorizontalView/Info.plist;
				IPHONEOS_DEPLOYMENT_TARGET = 8.0;
				LD_RUNPATH_SEARCH_PATHS = "$(inherited) @executable_path/Frameworks";
				PRODUCT_BUNDLE_IDENTIFIER = com.kk.hongnishuitest;
				PRODUCT_NAME = "$(TARGET_NAME)";
			};
			name = Debug;
		};
		EF349A651DDB059E00EE7206 /* Release */ = {
			isa = XCBuildConfiguration;
			buildSettings = {
				ASSETCATALOG_COMPILER_APPICON_NAME = AppIcon;
				DEVELOPMENT_TEAM = 9W8KXJ7KY8;
				INFOPLIST_FILE = ZGHomePageHorizontalView/Info.plist;
				IPHONEOS_DEPLOYMENT_TARGET = 8.0;
				LD_RUNPATH_SEARCH_PATHS = "$(inherited) @executable_path/Frameworks";
				PRODUCT_BUNDLE_IDENTIFIER = com.kk.hongnishuitest;
				PRODUCT_NAME = "$(TARGET_NAME)";
			};
			name = Release;
		};
		EF349A671DDB059E00EE7206 /* Debug */ = {
			isa = XCBuildConfiguration;
			buildSettings = {
				BUNDLE_LOADER = "$(TEST_HOST)";
				INFOPLIST_FILE = ZGHomePageHorizontalViewTests/Info.plist;
				LD_RUNPATH_SEARCH_PATHS = "$(inherited) @executable_path/Frameworks @loader_path/Frameworks";
				PRODUCT_BUNDLE_IDENTIFIER = com.Zong.ZGHomePageHorizontalViewTests;
				PRODUCT_NAME = "$(TARGET_NAME)";
				TEST_HOST = "$(BUILT_PRODUCTS_DIR)/ZGHomePageHorizontalView.app/ZGHomePageHorizontalView";
			};
			name = Debug;
		};
		EF349A681DDB059E00EE7206 /* Release */ = {
			isa = XCBuildConfiguration;
			buildSettings = {
				BUNDLE_LOADER = "$(TEST_HOST)";
				INFOPLIST_FILE = ZGHomePageHorizontalViewTests/Info.plist;
				LD_RUNPATH_SEARCH_PATHS = "$(inherited) @executable_path/Frameworks @loader_path/Frameworks";
				PRODUCT_BUNDLE_IDENTIFIER = com.Zong.ZGHomePageHorizontalViewTests;
				PRODUCT_NAME = "$(TARGET_NAME)";
				TEST_HOST = "$(BUILT_PRODUCTS_DIR)/ZGHomePageHorizontalView.app/ZGHomePageHorizontalView";
			};
			name = Release;
		};
		EF349A6A1DDB059E00EE7206 /* Debug */ = {
			isa = XCBuildConfiguration;
			buildSettings = {
				INFOPLIST_FILE = ZGHomePageHorizontalViewUITests/Info.plist;
				LD_RUNPATH_SEARCH_PATHS = "$(inherited) @executable_path/Frameworks @loader_path/Frameworks";
				PRODUCT_BUNDLE_IDENTIFIER = com.Zong.ZGHomePageHorizontalViewUITests;
				PRODUCT_NAME = "$(TARGET_NAME)";
				TEST_TARGET_NAME = ZGHomePageHorizontalView;
			};
			name = Debug;
		};
		EF349A6B1DDB059E00EE7206 /* Release */ = {
			isa = XCBuildConfiguration;
			buildSettings = {
				INFOPLIST_FILE = ZGHomePageHorizontalViewUITests/Info.plist;
				LD_RUNPATH_SEARCH_PATHS = "$(inherited) @executable_path/Frameworks @loader_path/Frameworks";
				PRODUCT_BUNDLE_IDENTIFIER = com.Zong.ZGHomePageHorizontalViewUITests;
				PRODUCT_NAME = "$(TARGET_NAME)";
				TEST_TARGET_NAME = ZGHomePageHorizontalView;
			};
			name = Release;
		};
/* End XCBuildConfiguration section */

/* Begin XCConfigurationList section */
		EF349A311DDB059D00EE7206 /* Build configuration list for PBXProject "ZGHomePageHorizontalView" */ = {
			isa = XCConfigurationList;
			buildConfigurations = (
				EF349A611DDB059E00EE7206 /* Debug */,
				EF349A621DDB059E00EE7206 /* Release */,
			);
			defaultConfigurationIsVisible = 0;
			defaultConfigurationName = Release;
		};
		EF349A631DDB059E00EE7206 /* Build configuration list for PBXNativeTarget "ZGHomePageHorizontalView" */ = {
			isa = XCConfigurationList;
			buildConfigurations = (
				EF349A641DDB059E00EE7206 /* Debug */,
				EF349A651DDB059E00EE7206 /* Release */,
			);
			defaultConfigurationIsVisible = 0;
			defaultConfigurationName = Release;
		};
		EF349A661DDB059E00EE7206 /* Build configuration list for PBXNativeTarget "ZGHomePageHorizontalViewTests" */ = {
			isa = XCConfigurationList;
			buildConfigurations = (
				EF349A671DDB059E00EE7206 /* Debug */,
				EF349A681DDB059E00EE7206 /* Release */,
			);
			defaultConfigurationIsVisible = 0;
			defaultConfigurationName = Release;
		};
		EF349A691DDB059E00EE7206 /* Build configuration list for PBXNativeTarget "ZGHomePageHorizontalViewUITests" */ = {
			isa = XCConfigurationList;
			buildConfigurations = (
				EF349A6A1DDB059E00EE7206 /* Debug */,
				EF349A6B1DDB059E00EE7206 /* Release */,
			);
			defaultConfigurationIsVisible = 0;
			defaultConfigurationName = Release;
		};
/* End XCConfigurationList section */
	};
	rootObject = EF349A2E1DDB059D00EE7206 /* Project object */;
}
